{
  "requires": true,
  "lockfileVersion": 1,
  "dependencies": {
    "@progress/kendo-data-query": {
      "version": "1.5.5",
      "resolved": "https://registry.npmjs.org/@progress/kendo-data-query/-/kendo-data-query-1.5.5.tgz",
      "integrity": "sha512-V0Q4mgooLM/mThJnuSYI7bt7ZBQj3dwUHrubZEB6kkPu82p6KVLkTC9db3L3H/NFA9NvoioLRjSyccUMQlxcTw==",
      "requires": {
        "tslib": "^1.7.0"
      }
    },
    "@progress/kendo-popup-common": {
      "version": "1.8.0",
      "resolved": "https://registry.npmjs.org/@progress/kendo-popup-common/-/kendo-popup-common-1.8.0.tgz",
      "integrity": "sha512-/cu0nV+3tHKPEE/bUbJTJHv6t8BMYpwI3uVOYENASYy+ZK1dlOfuRhdpSGH85glAH6NMtr/5pYOPojuXFFz/8A=="
    },
    "@progress/kendo-react-common": {
      "version": "4.11.0",
      "resolved": "https://registry.npmjs.org/@progress/kendo-react-common/-/kendo-react-common-4.11.0.tgz",
      "integrity": "sha512-4WH1cN+7FG3YGggEySL91pqBC7IFgXjFvvL8FXJ4ZigHP4Q06lgDbnCbpSOsD3Kt7TH/NbgZ3x2PTzZNVDfaEg==",
      "requires": {
        "@telerik/kendo-draggable": "^2.2.1",
        "prop-types": "^15.6.0"
      }
    },
    "@progress/kendo-react-data-tools": {
      "version": "4.11.0",
      "resolved": "https://registry.npmjs.org/@progress/kendo-react-data-tools/-/kendo-react-data-tools-4.11.0.tgz",
      "integrity": "sha512-JZI4wRyTCD351i1x++8Kgo/E5A1hajXRkWW3cB1/A1i3S37a+9yfd858yBJEWrlbz5R38zBP0pqboqUvlLlG6w==",
      "requires": {
        "@progress/kendo-react-common": "4.11.0",
        "prop-types": "^15.6.0"
      }
    },
    "@progress/kendo-react-grid": {
      "version": "4.11.0",
      "resolved": "https://registry.npmjs.org/@progress/kendo-react-grid/-/kendo-react-grid-4.11.0.tgz",
      "integrity": "sha512-imMmiEidAgu23xjEGEtOTuXEJdkHz+Zv/Ds6zVDFBRK4N4OA/Ewu0M5aWAL4sr6dVN9kOCp3wlzccD0oysM3tw==",
      "requires": {
        "@progress/kendo-react-common": "4.11.0",
        "prop-types": "^15.6.0"
      }
    },
    "@progress/kendo-react-inputs": {
      "version": "4.11.0",
      "resolved": "https://registry.npmjs.org/@progress/kendo-react-inputs/-/kendo-react-inputs-4.11.0.tgz",
      "integrity": "sha512-mlZVTEBF1wA+piIz+P0XBSq0OHUAOGeeligVduFK2xplCICOFXiANxaNNhCfANuYh537xlyn8Vf7Ip2t9gy6wg==",
      "requires": {
        "@progress/kendo-react-common": "4.11.0",
        "@progress/kendo-react-labels": "4.11.0",
        "@progress/kendo-react-popup": "4.11.0",
        "prop-types": "^15.6.0"
      }
    },
    "@progress/kendo-react-intl": {
      "version": "4.11.0",
      "resolved": "https://registry.npmjs.org/@progress/kendo-react-intl/-/kendo-react-intl-4.11.0.tgz",
      "integrity": "sha512-6WYbwW2Ud4G1iteHRqLgTtXp12YNkl/oysFAq3+UFA+RgLGNz2UP2sDZGbbUStiTxF1dgEUqI6MeJ0e+hjjWow==",
      "requires": {
        "@telerik/kendo-intl": "^2.1.0",
        "prop-types": "^15.6.0"
      }
    },
    "@progress/kendo-react-labels": {
      "version": "4.11.0",
      "resolved": "https://registry.npmjs.org/@progress/kendo-react-labels/-/kendo-react-labels-4.11.0.tgz",
      "integrity": "sha512-/lx7vdqY8KH0rb+mZThs6Ojb6PqBb292AAMqZV5Pt8ku6Yqni/7fagiQ4V7/XqLeyDRIyFGnLgtDBm/qhuaGNQ==",
      "requires": {
        "@progress/kendo-react-common": "4.11.0",
        "prop-types": "^15.6.0"
      }
    },
    "@progress/kendo-react-popup": {
      "version": "4.11.0",
      "resolved": "https://registry.npmjs.org/@progress/kendo-react-popup/-/kendo-react-popup-4.11.0.tgz",
      "integrity": "sha512-bN9uuXrxiLWuF1A7tv0mL7sTwot6WXZLqx8warW3/nQHo52mX1JgFH3efI3eL/JgSiAGGmvIueNnTXY4ViJknw==",
      "requires": {
        "@progress/kendo-popup-common": "^1.2.2",
        "@progress/kendo-react-common": "4.11.0",
        "prop-types": "^15.6.0"
      }
    },
    "@telerik/kendo-draggable": {
      "version": "2.2.1",
      "resolved": "https://registry.npmjs.org/@telerik/kendo-draggable/-/kendo-draggable-2.2.1.tgz",
      "integrity": "sha512-qmuRJnjByOIjSKi0BKYK7fJ/+ITgL0aumc4IRIEwiYAQgDJWumuSpAOp2p8ctIWzP0JfEUmITs6ziJaoyKIYwQ=="
    },
    "@telerik/kendo-intl": {
      "version": "2.3.0",
      "resolved": "https://registry.npmjs.org/@telerik/kendo-intl/-/kendo-intl-2.3.0.tgz",
      "integrity": "sha512-IFNL37+I8hvO1G6SsW65ixTqkCtPZDH1SlJ33xEKpjCjVwrC/oLCJjuK+EF5buXSPK0iw0YSvlY6hDHAzAYF6g=="
    },
    "js-tokens": {
      "version": "4.0.0",
      "resolved": "https://registry.npmjs.org/js-tokens/-/js-tokens-4.0.0.tgz",
      "integrity": "sha512-RdJUflcE3cUzKiMqQgsCu06FPu9UdIJO0beYbPhHN4k6apgJtifcoCtT9bcxOpYBtpD2kCM6Sbzg4CausW/PKQ=="
    },
    "loose-envify": {
      "version": "1.4.0",
      "resolved": "https://registry.npmjs.org/loose-envify/-/loose-envify-1.4.0.tgz",
      "integrity": "sha512-lyuxPGr/Wfhrlem2CL/UcnUc1zcqKAImBDzukY7Y5F/yQiNdko6+fRLevlw1HgMySw7f611UIY408EtxRSoK3Q==",
      "requires": {
        "js-tokens": "^3.0.0 || ^4.0.0"
      }
    },
    "object-assign": {
      "version": "4.1.1",
      "resolved": "https://registry.npmjs.org/object-assign/-/object-assign-4.1.1.tgz",
      "integrity": "sha1-IQmtx5ZYh8/AXLvUQsrIv7s2CGM="
    },
    "prop-types": {
      "version": "15.7.2",
      "resolved": "https://registry.npmjs.org/prop-types/-/prop-types-15.7.2.tgz",
      "integrity": "sha512-8QQikdH7//R2vurIJSutZ1smHYTcLpRWEOlHnzcWHmBYrOGUysKwSsrC89BCiFj3CbrfJ/nXFdJepOVrY1GCHQ==",
      "requires": {
        "loose-envify": "^1.4.0",
        "object-assign": "^4.1.1",
        "react-is": "^16.8.1"
      }
    },
    "react-is": {
      "version": "16.13.1",
      "resolved": "https://registry.npmjs.org/react-is/-/react-is-16.13.1.tgz",
      "integrity": "sha512-24e6ynE2H+OKt4kqsOvNd8kBpV65zoxbA4BVsEOB3ARVWQki/DHzaUoC5KuON/BiccDaCCTZBuOcfZs70kR8bQ=="
    },
    "tslib": {
      "version": "1.14.1",
      "resolved": "https://registry.npmjs.org/tslib/-/tslib-1.14.1.tgz",
      "integrity": "sha512-Xni35NKzjgMrwevysHTCArtLDpPvye8zV/0E4EyYn43P7/7qvQwPh9BGkHewbMulVntbigmcT7rdX3BNo9wRJg=="
    }
  }
}
